
Microsoft Visual Studio Solution File, Format Version 12.00
# Visual Studio Version 16
VisualStudioVersion = 25.0.1703.4
MinimumVisualStudioVersion = 10.0.40219.1
Project("{FAE04EC0-301F-11D3-BF4B-00C04F79EFBC}") = "API", "API\API.csproj", "{0D557241-CD76-43E9-8130-936C778EE081}"
EndProject
Global
	GlobalSection(SolutionConfigurationPlatforms) = preSolution
		Debug|Any CPU = Debug|Any CPU
		Release|Any CPU = Release|Any CPU
	EndGlobalSection
	GlobalSection(ProjectConfigurationPlatforms) = postSolution
		{0D557241-CD76-43E9-8130-936C778EE081}.Debug|Any CPU.ActiveCfg = Debug|Any CPU
		{0D557241-CD76-43E9-8130-936C778EE081}.Debug|Any CPU.Build.0 = Debug|Any CPU
		{0D557241-CD76-43E9-8130-936C778EE081}.Release|Any CPU.ActiveCfg = Release|Any CPU
		{0D557241-CD76-43E9-8130-936C778EE081}.Release|Any CPU.Build.0 = Release|Any CPU
	EndGlobalSection
	GlobalSection(SolutionProperties) = preSolution
		HideSolutionNode = FALSE
	EndGlobalSection
	GlobalSection(ExtensibilityGlobals) = postSolution
		SolutionGuid = {A2E677C9-5BF2-4A92-AFAE-A8DB34B69384}
	EndGlobalSection
EndGlobal
